// !$*UTF8*$!
{
	archiveVersion = 1;
	classes = {
	};
	objectVersion = 46;
	objects = {

/* Begin PBXBuildFile section */
		1E11A99616136F29001AEFC5 /* EADUtilities.framework in Frameworks */ = {isa = PBXBuildFile; fileRef = 1E11A99516136F29001AEFC5 /* EADUtilities.framework */; };
		1E5282681612FCB90006CA8D /* Default-568h@2x.png in Resources */ = {isa = PBXBuildFile; fileRef = 1E5282671612FCB90006CA8D /* Default-568h@2x.png */; };
		5D9A2F9315D6E19900E3180E /* UIKit.framework in Frameworks */ = {isa = PBXBuildFile; fileRef = 5D9A2F9215D6E19900E3180E /* UIKit.framework */; };
		5D9A2F9515D6E19900E3180E /* Foundation.framework in Frameworks */ = {isa = PBXBuildFile; fileRef = 5D9A2F9415D6E19900E3180E /* Foundation.framework */; };
		5D9A2F9715D6E19900E3180E /* CoreGraphics.framework in Frameworks */ = {isa = PBXBuildFile; fileRef = 5D9A2F9615D6E19900E3180E /* CoreGraphics.framework */; };
		5D9A2F9D15D6E19A00E3180E /* InfoPlist.strings in Resources */ = {isa = PBXBuildFile; fileRef = 5D9A2F9B15D6E19A00E3180E /* InfoPlist.strings */; };
		5D9A2F9F15D6E19A00E3180E /* main.m in Sources */ = {isa = PBXBuildFile; fileRef = 5D9A2F9E15D6E19A00E3180E /* main.m */; };
		5D9A2FA315D6E19A00E3180E /* AppDelegate.m in Sources */ = {isa = PBXBuildFile; fileRef = 5D9A2FA215D6E19A00E3180E /* AppDelegate.m */; };
		5D9A2FA615D6E19A00E3180E /* ViewController.m in Sources */ = {isa = PBXBuildFile; fileRef = 5D9A2FA515D6E19A00E3180E /* ViewController.m */; };
		5D9A2FA915D6E19A00E3180E /* ViewController_iPhone.xib in Resources */ = {isa = PBXBuildFile; fileRef = 5D9A2FA715D6E19A00E3180E /* ViewController_iPhone.xib */; };
		5D9A2FAC15D6E19A00E3180E /* ViewController_iPad.xib in Resources */ = {isa = PBXBuildFile; fileRef = 5D9A2FAA15D6E19A00E3180E /* ViewController_iPad.xib */; };
		5D9C738515D96BED00878BCA /* OpenGLES.framework in Frameworks */ = {isa = PBXBuildFile; fileRef = 5D9C738415D96BED00878BCA /* OpenGLES.framework */; };
		5D9C738715D96BF400878BCA /* CoreMotion.framework in Frameworks */ = {isa = PBXBuildFile; fileRef = 5D9C738615D96BF400878BCA /* CoreMotion.framework */; };
		5D9C738915D96BFE00878BCA /* CoreVideo.framework in Frameworks */ = {isa = PBXBuildFile; fileRef = 5D9C738815D96BFE00878BCA /* CoreVideo.framework */; };
		5D9C738B15D96C0900878BCA /* AVFoundation.framework in Frameworks */ = {isa = PBXBuildFile; fileRef = 5D9C738A15D96C0900878BCA /* AVFoundation.framework */; };
		5D9C738D15D96C1200878BCA /* QuartzCore.framework in Frameworks */ = {isa = PBXBuildFile; fileRef = 5D9C738C15D96C1200878BCA /* QuartzCore.framework */; };
		5D9C738F15D96C5900878BCA /* CoreMedia.framework in Frameworks */ = {isa = PBXBuildFile; fileRef = 5D9C738E15D96C5900878BCA /* CoreMedia.framework */; };
		5D9C739015D96C7900878BCA /* 3dEngine.framework in Frameworks */ = {isa = PBXBuildFile; fileRef = 5D9C737F15D96AE100878BCA /* 3dEngine.framework */; };
		5D9C756C15D97CB200878BCA /* data in Resources */ = {isa = PBXBuildFile; fileRef = 5D9C756B15D97CB200878BCA /* data */; };
/* End PBXBuildFile section */

/* Begin PBXFileReference section */
		1E11A99516136F29001AEFC5 /* EADUtilities.framework */ = {isa = PBXFileReference; lastKnownFileType = wrapper.framework; path = EADUtilities.framework; sourceTree = "<group>"; };
		1E5282671612FCB90006CA8D /* Default-568h@2x.png */ = {isa = PBXFileReference; lastKnownFileType = image.png; path = "Default-568h@2x.png"; sourceTree = "<group>"; };
		5D9A2F8E15D6E19900E3180E /* Hello3dLite.app */ = {isa = PBXFileReference; explicitFileType = wrapper.application; includeInIndex = 0; path = Hello3dLite.app; sourceTree = BUILT_PRODUCTS_DIR; };
		5D9A2F9215D6E19900E3180E /* UIKit.framework */ = {isa = PBXFileReference; lastKnownFileType = wrapper.framework; name = UIKit.framework; path = System/Library/Frameworks/UIKit.framework; sourceTree = SDKROOT; };
		5D9A2F9415D6E19900E3180E /* Foundation.framework */ = {isa = PBXFileReference; lastKnownFileType = wrapper.framework; name = Foundation.framework; path = System/Library/Frameworks/Foundation.framework; sourceTree = SDKROOT; };
		5D9A2F9615D6E19900E3180E /* CoreGraphics.framework */ = {isa = PBXFileReference; lastKnownFileType = wrapper.framework; name = CoreGraphics.framework; path = System/Library/Frameworks/CoreGraphics.framework; sourceTree = SDKROOT; };
		5D9A2F9A15D6E19900E3180E /* Hello3dLite-Info.plist */ = {isa = PBXFileReference; lastKnownFileType = text.plist.xml; path = "Hello3dLite-Info.plist"; sourceTree = "<group>"; };
		5D9A2F9C15D6E19A00E3180E /* en */ = {isa = PBXFileReference; lastKnownFileType = text.plist.strings; name = en; path = en.lproj/InfoPlist.strings; sourceTree = "<group>"; };
		5D9A2F9E15D6E19A00E3180E /* main.m */ = {isa = PBXFileReference; lastKnownFileType = sourcecode.c.objc; path = main.m; sourceTree = "<group>"; };
		5D9A2FA015D6E19A00E3180E /* Hello3dLite-Prefix.pch */ = {isa = PBXFileReference; lastKnownFileType = sourcecode.c.h; path = "Hello3dLite-Prefix.pch"; sourceTree = "<group>"; };
		5D9A2FA115D6E19A00E3180E /* AppDelegate.h */ = {isa = PBXFileReference; lastKnownFileType = sourcecode.c.h; path = AppDelegate.h; sourceTree = "<group>"; };
		5D9A2FA215D6E19A00E3180E /* AppDelegate.m */ = {isa = PBXFileReference; lastKnownFileType = sourcecode.c.objc; path = AppDelegate.m; sourceTree = "<group>"; };
		5D9A2FA415D6E19A00E3180E /* ViewController.h */ = {isa = PBXFileReference; lastKnownFileType = sourcecode.c.h; path = ViewController.h; sourceTree = "<group>"; };
		5D9A2FA515D6E19A00E3180E /* ViewController.m */ = {isa = PBXFileReference; explicitFileType = sourcecode.cpp.objcpp; path = ViewController.m; sourceTree = "<group>"; };
		5D9A2FA815D6E19A00E3180E /* en */ = {isa = PBXFileReference; lastKnownFileType = file.xib; name = en; path = en.lproj/ViewController_iPhone.xib; sourceTree = "<group>"; };
		5D9A2FAB15D6E19A00E3180E /* en */ = {isa = PBXFileReference; lastKnownFileType = file.xib; name = en; path = en.lproj/ViewController_iPad.xib; sourceTree = "<group>"; };
		5D9C737F15D96AE100878BCA /* 3dEngine.framework */ = {isa = PBXFileReference; lastKnownFileType = wrapper.framework; path = 3dEngine.framework; sourceTree = "<group>"; };
		5D9C738415D96BED00878BCA /* OpenGLES.framework */ = {isa = PBXFileReference; lastKnownFileType = wrapper.framework; name = OpenGLES.framework; path = System/Library/Frameworks/OpenGLES.framework; sourceTree = SDKROOT; };
		5D9C738615D96BF400878BCA /* CoreMotion.framework */ = {isa = PBXFileReference; lastKnownFileType = wrapper.framework; name = CoreMotion.framework; path = System/Library/Frameworks/CoreMotion.framework; sourceTree = SDKROOT; };
		5D9C738815D96BFE00878BCA /* CoreVideo.framework */ = {isa = PBXFileReference; lastKnownFileType = wrapper.framework; name = CoreVideo.framework; path = System/Library/Frameworks/CoreVideo.framework; sourceTree = SDKROOT; };
		5D9C738A15D96C0900878BCA /* AVFoundation.framework */ = {isa = PBXFileReference; lastKnownFileType = wrapper.framework; name = AVFoundation.framework; path = System/Library/Frameworks/AVFoundation.framework; sourceTree = SDKROOT; };
		5D9C738C15D96C1200878BCA /* QuartzCore.framework */ = {isa = PBXFileReference; lastKnownFileType = wrapper.framework; name = QuartzCore.framework; path = System/Library/Frameworks/QuartzCore.framework; sourceTree = SDKROOT; };
		5D9C738E15D96C5900878BCA /* CoreMedia.framework */ = {isa = PBXFileReference; lastKnownFileType = wrapper.framework; name = CoreMedia.framework; path = System/Library/Frameworks/CoreMedia.framework; sourceTree = SDKROOT; };
		5D9C756B15D97CB200878BCA /* data */ = {isa = PBXFileReference; lastKnownFileType = folder; path = data; sourceTree = SOURCE_ROOT; };
/* End PBXFileReference section */

/* Begin PBXFrameworksBuildPhase section */
		5D9A2F8B15D6E19900E3180E /* Frameworks */ = {
			isa = PBXFrameworksBuildPhase;
			buildActionMask = 2147483647;
			files = (
				1E11A99616136F29001AEFC5 /* EADUtilities.framework in Frameworks */,
				5D9C738F15D96C5900878BCA /* CoreMedia.framework in Frameworks */,
				5D9C738D15D96C1200878BCA /* QuartzCore.framework in Frameworks */,
				5D9C738B15D96C0900878BCA /* AVFoundation.framework in Frameworks */,
				5D9C738915D96BFE00878BCA /* CoreVideo.framework in Frameworks */,
				5D9C738715D96BF400878BCA /* CoreMotion.framework in Frameworks */,
				5D9C738515D96BED00878BCA /* OpenGLES.framework in Frameworks */,
				5D9A2F9315D6E19900E3180E /* UIKit.framework in Frameworks */,
				5D9A2F9515D6E19900E3180E /* Foundation.framework in Frameworks */,
				5D9C739015D96C7900878BCA /* 3dEngine.framework in Frameworks */,
				5D9A2F9715D6E19900E3180E /* CoreGraphics.framework in Frameworks */,
			);
			runOnlyForDeploymentPostprocessing = 0;
		};
/* End PBXFrameworksBuildPhase section */

/* Begin PBXGroup section */
		5D9A2F8315D6E19900E3180E = {
			isa = PBXGroup;
			children = (
				1E5282671612FCB90006CA8D /* Default-568h@2x.png */,
				5D9A2F9815D6E19900E3180E /* Hello3dLite */,
				5D9A2F9115D6E19900E3180E /* Frameworks */,
				5D9A2F8F15D6E19900E3180E /* Products */,
			);
			sourceTree = "<group>";
		};
		5D9A2F8F15D6E19900E3180E /* Products */ = {
			isa = PBXGroup;
			children = (
				5D9A2F8E15D6E19900E3180E /* Hello3dLite.app */,
			);
			name = Products;
			sourceTree = "<group>";
		};
		5D9A2F9115D6E19900E3180E /* Frameworks */ = {
			isa = PBXGroup;
			children = (
				1E11A99516136F29001AEFC5 /* EADUtilities.framework */,
				5D9C738E15D96C5900878BCA /* CoreMedia.framework */,
				5D9C738C15D96C1200878BCA /* QuartzCore.framework */,
				5D9C738A15D96C0900878BCA /* AVFoundation.framework */,
				5D9C738815D96BFE00878BCA /* CoreVideo.framework */,
				5D9C738615D96BF400878BCA /* CoreMotion.framework */,
				5D9C738415D96BED00878BCA /* OpenGLES.framework */,
				5D9C737F15D96AE100878BCA /* 3dEngine.framework */,
				5D9A2F9215D6E19900E3180E /* UIKit.framework */,
				5D9A2F9415D6E19900E3180E /* Foundation.framework */,
				5D9A2F9615D6E19900E3180E /* CoreGraphics.framework */,
			);
			name = Frameworks;
			sourceTree = "<group>";
		};
		5D9A2F9815D6E19900E3180E /* Hello3dLite */ = {
			isa = PBXGroup;
			children = (
				5D9A2FA115D6E19A00E3180E /* AppDelegate.h */,
				5D9A2FA215D6E19A00E3180E /* AppDelegate.m */,
				5D9A2FA415D6E19A00E3180E /* ViewController.h */,
				5D9A2FA515D6E19A00E3180E /* ViewController.m */,
				5D9A2FA715D6E19A00E3180E /* ViewController_iPhone.xib */,
				5D9A2FAA15D6E19A00E3180E /* ViewController_iPad.xib */,
				5D9A2F9915D6E19900E3180E /* Supporting Files */,
			);
			path = Hello3dLite;
			sourceTree = "<group>";
		};
		5D9A2F9915D6E19900E3180E /* Supporting Files */ = {
			isa = PBXGroup;
			children = (
				5D9A2F9A15D6E19900E3180E /* Hello3dLite-Info.plist */,
				5D9A2F9B15D6E19A00E3180E /* InfoPlist.strings */,
				5D9A2F9E15D6E19A00E3180E /* main.m */,
				5D9A2FA015D6E19A00E3180E /* Hello3dLite-Prefix.pch */,
				5D9C756B15D97CB200878BCA /* data */,
			);
			name = "Supporting Files";
			sourceTree = "<group>";
		};
/* End PBXGroup section */

/* Begin PBXNativeTarget section */
		5D9A2F8D15D6E19900E3180E /* Hello3dLite */ = {
			isa = PBXNativeTarget;
			buildConfigurationList = 5D9A2FAF15D6E19A00E3180E /* Build configuration list for PBXNativeTarget "Hello3dLite" */;
			buildPhases = (
				5D9A2F8A15D6E19900E3180E /* Sources */,
				5D9A2F8B15D6E19900E3180E /* Frameworks */,
				5D9A2F8C15D6E19900E3180E /* Resources */,
			);
			buildRules = (
			);
			dependencies = (
			);
			name = Hello3dLite;
			productName = Hello3dLite;
			productReference = 5D9A2F8E15D6E19900E3180E /* Hello3dLite.app */;
			productType = "com.apple.product-type.application";
		};
/* End PBXNativeTarget section */

/* Begin PBXProject section */
		5D9A2F8515D6E19900E3180E /* Project object */ = {
			isa = PBXProject;
			attributes = {
				LastUpgradeCheck = 0440;
				ORGANIZATIONNAME = ARLab;
			};
			buildConfigurationList = 5D9A2F8815D6E19900E3180E /* Build configuration list for PBXProject "Hello3dLite" */;
			compatibilityVersion = "Xcode 3.2";
			developmentRegion = English;
			hasScannedForEncodings = 0;
			knownRegions = (
				en,
			);
			mainGroup = 5D9A2F8315D6E19900E3180E;
			productRefGroup = 5D9A2F8F15D6E19900E3180E /* Products */;
			projectDirPath = "";
			projectRoot = "";
			targets = (
				5D9A2F8D15D6E19900E3180E /* Hello3dLite */,
			);
		};
/* End PBXProject section */

/* Begin PBXResourcesBuildPhase section */
		5D9A2F8C15D6E19900E3180E /* Resources */ = {
			isa = PBXResourcesBuildPhase;
			buildActionMask = 2147483647;
			files = (
				5D9A2F9D15D6E19A00E3180E /* InfoPlist.strings in Resources */,
				5D9A2FA915D6E19A00E3180E /* ViewController_iPhone.xib in Resources */,
				5D9A2FAC15D6E19A00E3180E /* ViewController_iPad.xib in Resources */,
				5D9C756C15D97CB200878BCA /* data in Resources */,
				1E5282681612FCB90006CA8D /* Default-568h@2x.png in Resources */,
			);
			runOnlyForDeploymentPostprocessing = 0;
		};
/* End PBXResourcesBuildPhase section */

/* Begin PBXSourcesBuildPhase section */
		5D9A2F8A15D6E19900E3180E /* Sources */ = {
			isa = PBXSourcesBuildPhase;
			buildActionMask = 2147483647;
			files = (
				5D9A2F9F15D6E19A00E3180E /* main.m in Sources */,
				5D9A2FA315D6E19A00E3180E /* AppDelegate.m in Sources */,
				5D9A2FA615D6E19A00E3180E /* ViewController.m in Sources */,
			);
			runOnlyForDeploymentPostprocessing = 0;
		};
/* End PBXSourcesBuildPhase section */

/* Begin PBXVariantGroup section */
		5D9A2F9B15D6E19A00E3180E /* InfoPlist.strings */ = {
			isa = PBXVariantGroup;
			children = (
				5D9A2F9C15D6E19A00E3180E /* en */,
			);
			name = InfoPlist.strings;
			sourceTree = "<group>";
		};
		5D9A2FA715D6E19A00E3180E /* ViewController_iPhone.xib */ = {
			isa = PBXVariantGroup;
			children = (
				5D9A2FA815D6E19A00E3180E /* en */,
			);
			name = ViewController_iPhone.xib;
			sourceTree = "<group>";
		};
		5D9A2FAA15D6E19A00E3180E /* ViewController_iPad.xib */ = {
			isa = PBXVariantGroup;
			children = (
				5D9A2FAB15D6E19A00E3180E /* en */,
			);
			name = ViewController_iPad.xib;
			sourceTree = "<group>";
		};
/* End PBXVariantGroup section */

/* Begin XCBuildConfiguration section */
		5D9A2FAD15D6E19A00E3180E /* Debug */ = {
			isa = XCBuildConfiguration;
			buildSettings = {
				ALWAYS_SEARCH_USER_PATHS = NO;
				ARCHS = "$(ARCHS_STANDARD_32_BIT)";
				CLANG_CXX_LANGUAGE_STANDARD = "gnu++0x";
				CLANG_ENABLE_OBJC_ARC = YES;
				CLANG_WARN__DUPLICATE_METHOD_MATCH = YES;
				"CODE_SIGN_IDENTITY[sdk=iphoneos*]" = "iPhone Developer";
				COPY_PHASE_STRIP = NO;
				GCC_C_LANGUAGE_STANDARD = gnu99;
				GCC_DYNAMIC_NO_PIC = NO;
				GCC_OPTIMIZATION_LEVEL = 0;
				GCC_PREPROCESSOR_DEFINITIONS = (
					"DEBUG=1",
					"$(inherited)",
				);
				GCC_SYMBOLS_PRIVATE_EXTERN = NO;
				GCC_VERSION = com.apple.compilers.llvm.clang.1_0;
				GCC_WARN_ABOUT_RETURN_TYPE = YES;
				GCC_WARN_UNINITIALIZED_AUTOS = YES;
				GCC_WARN_UNUSED_VARIABLE = YES;
				IPHONEOS_DEPLOYMENT_TARGET = 5.1;
				SDKROOT = iphoneos;
				TARGETED_DEVICE_FAMILY = "1,2";
			};
			name = Debug;
		};
		5D9A2FAE15D6E19A00E3180E /* Release */ = {
			isa = XCBuildConfiguration;
			buildSettings = {
				ALWAYS_SEARCH_USER_PATHS = NO;
				ARCHS = "$(ARCHS_STANDARD_32_BIT)";
				CLANG_CXX_LANGUAGE_STANDARD = "gnu++0x";
				CLANG_ENABLE_OBJC_ARC = YES;
				CLANG_WARN__DUPLICATE_METHOD_MATCH = YES;
				"CODE_SIGN_IDENTITY[sdk=iphoneos*]" = "iPhone Developer";
				COPY_PHASE_STRIP = YES;
				GCC_C_LANGUAGE_STANDARD = gnu99;
				GCC_VERSION = com.apple.compilers.llvm.clang.1_0;
				GCC_WARN_ABOUT_RETURN_TYPE = YES;
				GCC_WARN_UNINITIALIZED_AUTOS = YES;
				GCC_WARN_UNUSED_VARIABLE = YES;
				IPHONEOS_DEPLOYMENT_TARGET = 5.1;
				OTHER_CFLAGS = "-DNS_BLOCK_ASSERTIONS=1";
				SDKROOT = iphoneos;
				TARGETED_DEVICE_FAMILY = "1,2";
				VALIDATE_PRODUCT = YES;
			};
			name = Release;
		};
		5D9A2FB015D6E19A00E3180E /* Debug */ = {
			isa = XCBuildConfiguration;
			buildSettings = {
				FRAMEWORK_SEARCH_PATHS = (
					"$(inherited)",
					"\"$(SRCROOT)\"",
				);
				GCC_PRECOMPILE_PREFIX_HEADER = YES;
				GCC_PREFIX_HEADER = "Hello3dLite/Hello3dLite-Prefix.pch";
				INFOPLIST_FILE = "Hello3dLite/Hello3dLite-Info.plist";
				PRODUCT_NAME = "$(TARGET_NAME)";
				WRAPPER_EXTENSION = app;
			};
			name = Debug;
		};
		5D9A2FB115D6E19A00E3180E /* Release */ = {
			isa = XCBuildConfiguration;
			buildSettings = {
				FRAMEWORK_SEARCH_PATHS = (
					"$(inherited)",
					"\"$(SRCROOT)\"",
				);
				GCC_PRECOMPILE_PREFIX_HEADER = YES;
				GCC_PREFIX_HEADER = "Hello3dLite/Hello3dLite-Prefix.pch";
				INFOPLIST_FILE = "Hello3dLite/Hello3dLite-Info.plist";
				PRODUCT_NAME = "$(TARGET_NAME)";
				WRAPPER_EXTENSION = app;
			};
			name = Release;
		};
/* End XCBuildConfiguration section */

/* Begin XCConfigurationList section */
		5D9A2F8815D6E19900E3180E /* Build configuration list for PBXProject "Hello3dLite" */ = {
			isa = XCConfigurationList;
			buildConfigurations = (
				5D9A2FAD15D6E19A00E3180E /* Debug */,
				5D9A2FAE15D6E19A00E3180E /* Release */,
			);
			defaultConfigurationIsVisible = 0;
			defaultConfigurationName = Release;
		};
		5D9A2FAF15D6E19A00E3180E /* Build configuration list for PBXNativeTarget "Hello3dLite" */ = {
			isa = XCConfigurationList;
			buildConfigurations = (
				5D9A2FB015D6E19A00E3180E /* Debug */,
				5D9A2FB115D6E19A00E3180E /* Release */,
			);
			defaultConfigurationIsVisible = 0;
			defaultConfigurationName = Release;
		};
/* End XCConfigurationList section */
	};
	rootObject = 5D9A2F8515D6E19900E3180E /* Project object */;
}
